
Microsoft Visual Studio Solution File, Format Version 12.00
# Visual Studio 15
VisualStudioVersion = 15.0.26124.0
MinimumVisualStudioVersion = 15.0.26124.0
Project("{FAE04EC0-301F-11D3-BF4B-00C04F79EFBC}") = "Screen3.DynamoService", "Screen3.DynamoService\Screen3.DynamoService.csproj", "{A75D0ECA-06E5-4E44-BF58-8C0EF3C9EF4C}"
EndProject
Project("{FAE04EC0-301F-11D3-BF4B-00C04F79EFBC}") = "Screen3.Entity", "Screen3.Entity\Screen3.Entity.csproj", "{1BA10D48-AD93-440D-8EE3-15675CB7D0DF}"
EndProject
Project("{FAE04EC0-301F-11D3-BF4B-00C04F79EFBC}") = "Screen3.S3Service", "Screen3.S3Service\Screen3.S3Service.csproj", "{213363E8-C9C2-40AC-AE4C-CE11BABD7861}"
EndProject
Project("{FAE04EC0-301F-11D3-BF4B-00C04F79EFBC}") = "Screen3.Test", "Screen3.Test\Screen3.Test.csproj", "{65A3294B-1848-4C15-82F5-361BB9FBC9B4}"
EndProject
Project("{FAE04EC0-301F-11D3-BF4B-00C04F79EFBC}") = "Screen3.Utils", "Screen3.Utils\Screen3.Utils.csproj", "{3332FED2-CCA3-47A7-A3BC-8DF671FBE72C}"
EndProject
Project("{2150E333-8FDC-42A3-9474-1A3956D46DE8}") = "screen3_data_loader", "screen3_data_loader", "{F2DEE5D3-2ABD-44E6-9DFB-B5F834A3AC48}"
EndProject
Project("{2150E333-8FDC-42A3-9474-1A3956D46DE8}") = "src", "src", "{37044EE3-4091-48A0-B61C-D38D1C20B87D}"
EndProject
Project("{FAE04EC0-301F-11D3-BF4B-00C04F79EFBC}") = "screen3_data_loader", "screen3_data_loader\src\screen3_data_loader\screen3_data_loader.csproj", "{110EC56B-063E-4802-83D8-5DC4AC770215}"
EndProject
Project("{2150E333-8FDC-42A3-9474-1A3956D46DE8}") = "test", "test", "{BFD2271D-7D6D-4E48-8147-83971450CF44}"
EndProject
Project("{FAE04EC0-301F-11D3-BF4B-00C04F79EFBC}") = "screen3_data_loader.Tests", "screen3_data_loader\test\screen3_data_loader.Tests\screen3_data_loader.Tests.csproj", "{C9F04EAE-2D81-4729-A9E8-B1EA36C48410}"
EndProject
Project("{FAE04EC0-301F-11D3-BF4B-00C04F79EFBC}") = "Screen3.BLL", "Screen3.BLL\Screen3.BLL.csproj", "{9DB9303E-101C-4FD0-A6F7-B0E69D58CD6C}"
EndProject
Project("{2150E333-8FDC-42A3-9474-1A3956D46DE8}") = "Screen3.Webapi", "Screen3.Webapi", "{1E6C2E0D-AF16-4AD7-A074-3004BFEAB864}"
EndProject
Project("{2150E333-8FDC-42A3-9474-1A3956D46DE8}") = "src", "src", "{1F9B1922-331B-4208-9A83-20CE73DFE2CF}"
EndProject
Project("{FAE04EC0-301F-11D3-BF4B-00C04F79EFBC}") = "Screen3.Webapi", "Screen3.Webapi\src\Screen3.Webapi\Screen3.Webapi.csproj", "{81B6D0F1-E4FC-4C9F-9F9A-DC8652D9437A}"
EndProject
Project("{2150E333-8FDC-42A3-9474-1A3956D46DE8}") = "test", "test", "{C62D3C12-0436-4BA7-B0D0-27236D4C2EBA}"
EndProject
Project("{FAE04EC0-301F-11D3-BF4B-00C04F79EFBC}") = "Screen3.Webapi.Tests", "Screen3.Webapi\test\Screen3.Webapi.Tests\Screen3.Webapi.Tests.csproj", "{C18ABC57-3235-4F34-A785-B000D5FC1925}"
EndProject
Project("{FAE04EC0-301F-11D3-BF4B-00C04F79EFBC}") = "Screen3.Indicator", "Screen3.Indicator\Screen3.Indicator.csproj", "{0D1A57EF-0853-439E-B087-B37857F0A4D2}"
EndProject
Global
	GlobalSection(SolutionConfigurationPlatforms) = preSolution
		Debug|Any CPU = Debug|Any CPU
		Debug|x64 = Debug|x64
		Debug|x86 = Debug|x86
		Release|Any CPU = Release|Any CPU
		Release|x64 = Release|x64
		Release|x86 = Release|x86
	EndGlobalSection
	GlobalSection(SolutionProperties) = preSolution
		HideSolutionNode = FALSE
	EndGlobalSection
	GlobalSection(ProjectConfigurationPlatforms) = postSolution
		{A75D0ECA-06E5-4E44-BF58-8C0EF3C9EF4C}.Debug|Any CPU.ActiveCfg = Debug|Any CPU
		{A75D0ECA-06E5-4E44-BF58-8C0EF3C9EF4C}.Debug|Any CPU.Build.0 = Debug|Any CPU
		{A75D0ECA-06E5-4E44-BF58-8C0EF3C9EF4C}.Debug|x64.ActiveCfg = Debug|Any CPU
		{A75D0ECA-06E5-4E44-BF58-8C0EF3C9EF4C}.Debug|x64.Build.0 = Debug|Any CPU
		{A75D0ECA-06E5-4E44-BF58-8C0EF3C9EF4C}.Debug|x86.ActiveCfg = Debug|Any CPU
		{A75D0ECA-06E5-4E44-BF58-8C0EF3C9EF4C}.Debug|x86.Build.0 = Debug|Any CPU
		{A75D0ECA-06E5-4E44-BF58-8C0EF3C9EF4C}.Release|Any CPU.ActiveCfg = Release|Any CPU
		{A75D0ECA-06E5-4E44-BF58-8C0EF3C9EF4C}.Release|Any CPU.Build.0 = Release|Any CPU
		{A75D0ECA-06E5-4E44-BF58-8C0EF3C9EF4C}.Release|x64.ActiveCfg = Release|Any CPU
		{A75D0ECA-06E5-4E44-BF58-8C0EF3C9EF4C}.Release|x64.Build.0 = Release|Any CPU
		{A75D0ECA-06E5-4E44-BF58-8C0EF3C9EF4C}.Release|x86.ActiveCfg = Release|Any CPU
		{A75D0ECA-06E5-4E44-BF58-8C0EF3C9EF4C}.Release|x86.Build.0 = Release|Any CPU
		{1BA10D48-AD93-440D-8EE3-15675CB7D0DF}.Debug|Any CPU.ActiveCfg = Debug|Any CPU
		{1BA10D48-AD93-440D-8EE3-15675CB7D0DF}.Debug|Any CPU.Build.0 = Debug|Any CPU
		{1BA10D48-AD93-440D-8EE3-15675CB7D0DF}.Debug|x64.ActiveCfg = Debug|Any CPU
		{1BA10D48-AD93-440D-8EE3-15675CB7D0DF}.Debug|x64.Build.0 = Debug|Any CPU
		{1BA10D48-AD93-440D-8EE3-15675CB7D0DF}.Debug|x86.ActiveCfg = Debug|Any CPU
		{1BA10D48-AD93-440D-8EE3-15675CB7D0DF}.Debug|x86.Build.0 = Debug|Any CPU
		{1BA10D48-AD93-440D-8EE3-15675CB7D0DF}.Release|Any CPU.ActiveCfg = Release|Any CPU
		{1BA10D48-AD93-440D-8EE3-15675CB7D0DF}.Release|Any CPU.Build.0 = Release|Any CPU
		{1BA10D48-AD93-440D-8EE3-15675CB7D0DF}.Release|x64.ActiveCfg = Release|Any CPU
		{1BA10D48-AD93-440D-8EE3-15675CB7D0DF}.Release|x64.Build.0 = Release|Any CPU
		{1BA10D48-AD93-440D-8EE3-15675CB7D0DF}.Release|x86.ActiveCfg = Release|Any CPU
		{1BA10D48-AD93-440D-8EE3-15675CB7D0DF}.Release|x86.Build.0 = Release|Any CPU
		{213363E8-C9C2-40AC-AE4C-CE11BABD7861}.Debug|Any CPU.ActiveCfg = Debug|Any CPU
		{213363E8-C9C2-40AC-AE4C-CE11BABD7861}.Debug|Any CPU.Build.0 = Debug|Any CPU
		{213363E8-C9C2-40AC-AE4C-CE11BABD7861}.Debug|x64.ActiveCfg = Debug|Any CPU
		{213363E8-C9C2-40AC-AE4C-CE11BABD7861}.Debug|x64.Build.0 = Debug|Any CPU
		{213363E8-C9C2-40AC-AE4C-CE11BABD7861}.Debug|x86.ActiveCfg = Debug|Any CPU
		{213363E8-C9C2-40AC-AE4C-CE11BABD7861}.Debug|x86.Build.0 = Debug|Any CPU
		{213363E8-C9C2-40AC-AE4C-CE11BABD7861}.Release|Any CPU.ActiveCfg = Release|Any CPU
		{213363E8-C9C2-40AC-AE4C-CE11BABD7861}.Release|Any CPU.Build.0 = Release|Any CPU
		{213363E8-C9C2-40AC-AE4C-CE11BABD7861}.Release|x64.ActiveCfg = Release|Any CPU
		{213363E8-C9C2-40AC-AE4C-CE11BABD7861}.Release|x64.Build.0 = Release|Any CPU
		{213363E8-C9C2-40AC-AE4C-CE11BABD7861}.Release|x86.ActiveCfg = Release|Any CPU
		{213363E8-C9C2-40AC-AE4C-CE11BABD7861}.Release|x86.Build.0 = Release|Any CPU
		{65A3294B-1848-4C15-82F5-361BB9FBC9B4}.Debug|Any CPU.ActiveCfg = Debug|Any CPU
		{65A3294B-1848-4C15-82F5-361BB9FBC9B4}.Debug|Any CPU.Build.0 = Debug|Any CPU
		{65A3294B-1848-4C15-82F5-361BB9FBC9B4}.Debug|x64.ActiveCfg = Debug|Any CPU
		{65A3294B-1848-4C15-82F5-361BB9FBC9B4}.Debug|x64.Build.0 = Debug|Any CPU
		{65A3294B-1848-4C15-82F5-361BB9FBC9B4}.Debug|x86.ActiveCfg = Debug|Any CPU
		{65A3294B-1848-4C15-82F5-361BB9FBC9B4}.Debug|x86.Build.0 = Debug|Any CPU
		{65A3294B-1848-4C15-82F5-361BB9FBC9B4}.Release|Any CPU.ActiveCfg = Release|Any CPU
		{65A3294B-1848-4C15-82F5-361BB9FBC9B4}.Release|Any CPU.Build.0 = Release|Any CPU
		{65A3294B-1848-4C15-82F5-361BB9FBC9B4}.Release|x64.ActiveCfg = Release|Any CPU
		{65A3294B-1848-4C15-82F5-361BB9FBC9B4}.Release|x64.Build.0 = Release|Any CPU
		{65A3294B-1848-4C15-82F5-361BB9FBC9B4}.Release|x86.ActiveCfg = Release|Any CPU
		{65A3294B-1848-4C15-82F5-361BB9FBC9B4}.Release|x86.Build.0 = Release|Any CPU
		{3332FED2-CCA3-47A7-A3BC-8DF671FBE72C}.Debug|Any CPU.ActiveCfg = Debug|Any CPU
		{3332FED2-CCA3-47A7-A3BC-8DF671FBE72C}.Debug|Any CPU.Build.0 = Debug|Any CPU
		{3332FED2-CCA3-47A7-A3BC-8DF671FBE72C}.Debug|x64.ActiveCfg = Debug|Any CPU
		{3332FED2-CCA3-47A7-A3BC-8DF671FBE72C}.Debug|x64.Build.0 = Debug|Any CPU
		{3332FED2-CCA3-47A7-A3BC-8DF671FBE72C}.Debug|x86.ActiveCfg = Debug|Any CPU
		{3332FED2-CCA3-47A7-A3BC-8DF671FBE72C}.Debug|x86.Build.0 = Debug|Any CPU
		{3332FED2-CCA3-47A7-A3BC-8DF671FBE72C}.Release|Any CPU.ActiveCfg = Release|Any CPU
		{3332FED2-CCA3-47A7-A3BC-8DF671FBE72C}.Release|Any CPU.Build.0 = Release|Any CPU
		{3332FED2-CCA3-47A7-A3BC-8DF671FBE72C}.Release|x64.ActiveCfg = Release|Any CPU
		{3332FED2-CCA3-47A7-A3BC-8DF671FBE72C}.Release|x64.Build.0 = Release|Any CPU
		{3332FED2-CCA3-47A7-A3BC-8DF671FBE72C}.Release|x86.ActiveCfg = Release|Any CPU
		{3332FED2-CCA3-47A7-A3BC-8DF671FBE72C}.Release|x86.Build.0 = Release|Any CPU
		{110EC56B-063E-4802-83D8-5DC4AC770215}.Debug|Any CPU.ActiveCfg = Debug|Any CPU
		{110EC56B-063E-4802-83D8-5DC4AC770215}.Debug|Any CPU.Build.0 = Debug|Any CPU
		{110EC56B-063E-4802-83D8-5DC4AC770215}.Debug|x64.ActiveCfg = Debug|Any CPU
		{110EC56B-063E-4802-83D8-5DC4AC770215}.Debug|x64.Build.0 = Debug|Any CPU
		{110EC56B-063E-4802-83D8-5DC4AC770215}.Debug|x86.ActiveCfg = Debug|Any CPU
		{110EC56B-063E-4802-83D8-5DC4AC770215}.Debug|x86.Build.0 = Debug|Any CPU
		{110EC56B-063E-4802-83D8-5DC4AC770215}.Release|Any CPU.ActiveCfg = Release|Any CPU
		{110EC56B-063E-4802-83D8-5DC4AC770215}.Release|Any CPU.Build.0 = Release|Any CPU
		{110EC56B-063E-4802-83D8-5DC4AC770215}.Release|x64.ActiveCfg = Release|Any CPU
		{110EC56B-063E-4802-83D8-5DC4AC770215}.Release|x64.Build.0 = Release|Any CPU
		{110EC56B-063E-4802-83D8-5DC4AC770215}.Release|x86.ActiveCfg = Release|Any CPU
		{110EC56B-063E-4802-83D8-5DC4AC770215}.Release|x86.Build.0 = Release|Any CPU
		{C9F04EAE-2D81-4729-A9E8-B1EA36C48410}.Debug|Any CPU.ActiveCfg = Debug|Any CPU
		{C9F04EAE-2D81-4729-A9E8-B1EA36C48410}.Debug|Any CPU.Build.0 = Debug|Any CPU
		{C9F04EAE-2D81-4729-A9E8-B1EA36C48410}.Debug|x64.ActiveCfg = Debug|Any CPU
		{C9F04EAE-2D81-4729-A9E8-B1EA36C48410}.Debug|x64.Build.0 = Debug|Any CPU
		{C9F04EAE-2D81-4729-A9E8-B1EA36C48410}.Debug|x86.ActiveCfg = Debug|Any CPU
		{C9F04EAE-2D81-4729-A9E8-B1EA36C48410}.Debug|x86.Build.0 = Debug|Any CPU
		{C9F04EAE-2D81-4729-A9E8-B1EA36C48410}.Release|Any CPU.ActiveCfg = Release|Any CPU
		{C9F04EAE-2D81-4729-A9E8-B1EA36C48410}.Release|Any CPU.Build.0 = Release|Any CPU
		{C9F04EAE-2D81-4729-A9E8-B1EA36C48410}.Release|x64.ActiveCfg = Release|Any CPU
		{C9F04EAE-2D81-4729-A9E8-B1EA36C48410}.Release|x64.Build.0 = Release|Any CPU
		{C9F04EAE-2D81-4729-A9E8-B1EA36C48410}.Release|x86.ActiveCfg = Release|Any CPU
		{C9F04EAE-2D81-4729-A9E8-B1EA36C48410}.Release|x86.Build.0 = Release|Any CPU
		{9DB9303E-101C-4FD0-A6F7-B0E69D58CD6C}.Debug|Any CPU.ActiveCfg = Debug|Any CPU
		{9DB9303E-101C-4FD0-A6F7-B0E69D58CD6C}.Debug|Any CPU.Build.0 = Debug|Any CPU
		{9DB9303E-101C-4FD0-A6F7-B0E69D58CD6C}.Debug|x64.ActiveCfg = Debug|Any CPU
		{9DB9303E-101C-4FD0-A6F7-B0E69D58CD6C}.Debug|x64.Build.0 = Debug|Any CPU
		{9DB9303E-101C-4FD0-A6F7-B0E69D58CD6C}.Debug|x86.ActiveCfg = Debug|Any CPU
		{9DB9303E-101C-4FD0-A6F7-B0E69D58CD6C}.Debug|x86.Build.0 = Debug|Any CPU
		{9DB9303E-101C-4FD0-A6F7-B0E69D58CD6C}.Release|Any CPU.ActiveCfg = Release|Any CPU
		{9DB9303E-101C-4FD0-A6F7-B0E69D58CD6C}.Release|Any CPU.Build.0 = Release|Any CPU
		{9DB9303E-101C-4FD0-A6F7-B0E69D58CD6C}.Release|x64.ActiveCfg = Release|Any CPU
		{9DB9303E-101C-4FD0-A6F7-B0E69D58CD6C}.Release|x64.Build.0 = Release|Any CPU
		{9DB9303E-101C-4FD0-A6F7-B0E69D58CD6C}.Release|x86.ActiveCfg = Release|Any CPU
		{9DB9303E-101C-4FD0-A6F7-B0E69D58CD6C}.Release|x86.Build.0 = Release|Any CPU
		{81B6D0F1-E4FC-4C9F-9F9A-DC8652D9437A}.Debug|Any CPU.ActiveCfg = Debug|Any CPU
		{81B6D0F1-E4FC-4C9F-9F9A-DC8652D9437A}.Debug|Any CPU.Build.0 = Debug|Any CPU
		{81B6D0F1-E4FC-4C9F-9F9A-DC8652D9437A}.Debug|x64.ActiveCfg = Debug|Any CPU
		{81B6D0F1-E4FC-4C9F-9F9A-DC8652D9437A}.Debug|x64.Build.0 = Debug|Any CPU
		{81B6D0F1-E4FC-4C9F-9F9A-DC8652D9437A}.Debug|x86.ActiveCfg = Debug|Any CPU
		{81B6D0F1-E4FC-4C9F-9F9A-DC8652D9437A}.Debug|x86.Build.0 = Debug|Any CPU
		{81B6D0F1-E4FC-4C9F-9F9A-DC8652D9437A}.Release|Any CPU.ActiveCfg = Release|Any CPU
		{81B6D0F1-E4FC-4C9F-9F9A-DC8652D9437A}.Release|Any CPU.Build.0 = Release|Any CPU
		{81B6D0F1-E4FC-4C9F-9F9A-DC8652D9437A}.Release|x64.ActiveCfg = Release|Any CPU
		{81B6D0F1-E4FC-4C9F-9F9A-DC8652D9437A}.Release|x64.Build.0 = Release|Any CPU
		{81B6D0F1-E4FC-4C9F-9F9A-DC8652D9437A}.Release|x86.ActiveCfg = Release|Any CPU
		{81B6D0F1-E4FC-4C9F-9F9A-DC8652D9437A}.Release|x86.Build.0 = Release|Any CPU
		{C18ABC57-3235-4F34-A785-B000D5FC1925}.Debug|Any CPU.ActiveCfg = Debug|Any CPU
		{C18ABC57-3235-4F34-A785-B000D5FC1925}.Debug|Any CPU.Build.0 = Debug|Any CPU
		{C18ABC57-3235-4F34-A785-B000D5FC1925}.Debug|x64.ActiveCfg = Debug|Any CPU
		{C18ABC57-3235-4F34-A785-B000D5FC1925}.Debug|x64.Build.0 = Debug|Any CPU
		{C18ABC57-3235-4F34-A785-B000D5FC1925}.Debug|x86.ActiveCfg = Debug|Any CPU
		{C18ABC57-3235-4F34-A785-B000D5FC1925}.Debug|x86.Build.0 = Debug|Any CPU
		{C18ABC57-3235-4F34-A785-B000D5FC1925}.Release|Any CPU.ActiveCfg = Release|Any CPU
		{C18ABC57-3235-4F34-A785-B000D5FC1925}.Release|Any CPU.Build.0 = Release|Any CPU
		{C18ABC57-3235-4F34-A785-B000D5FC1925}.Release|x64.ActiveCfg = Release|Any CPU
		{C18ABC57-3235-4F34-A785-B000D5FC1925}.Release|x64.Build.0 = Release|Any CPU
		{C18ABC57-3235-4F34-A785-B000D5FC1925}.Release|x86.ActiveCfg = Release|Any CPU
		{C18ABC57-3235-4F34-A785-B000D5FC1925}.Release|x86.Build.0 = Release|Any CPU
		{0D1A57EF-0853-439E-B087-B37857F0A4D2}.Debug|Any CPU.ActiveCfg = Debug|Any CPU
		{0D1A57EF-0853-439E-B087-B37857F0A4D2}.Debug|Any CPU.Build.0 = Debug|Any CPU
		{0D1A57EF-0853-439E-B087-B37857F0A4D2}.Debug|x64.ActiveCfg = Debug|Any CPU
		{0D1A57EF-0853-439E-B087-B37857F0A4D2}.Debug|x64.Build.0 = Debug|Any CPU
		{0D1A57EF-0853-439E-B087-B37857F0A4D2}.Debug|x86.ActiveCfg = Debug|Any CPU
		{0D1A57EF-0853-439E-B087-B37857F0A4D2}.Debug|x86.Build.0 = Debug|Any CPU
		{0D1A57EF-0853-439E-B087-B37857F0A4D2}.Release|Any CPU.ActiveCfg = Release|Any CPU
		{0D1A57EF-0853-439E-B087-B37857F0A4D2}.Release|Any CPU.Build.0 = Release|Any CPU
		{0D1A57EF-0853-439E-B087-B37857F0A4D2}.Release|x64.ActiveCfg = Release|Any CPU
		{0D1A57EF-0853-439E-B087-B37857F0A4D2}.Release|x64.Build.0 = Release|Any CPU
		{0D1A57EF-0853-439E-B087-B37857F0A4D2}.Release|x86.ActiveCfg = Release|Any CPU
		{0D1A57EF-0853-439E-B087-B37857F0A4D2}.Release|x86.Build.0 = Release|Any CPU
	EndGlobalSection
	GlobalSection(NestedProjects) = preSolution
		{37044EE3-4091-48A0-B61C-D38D1C20B87D} = {F2DEE5D3-2ABD-44E6-9DFB-B5F834A3AC48}
		{110EC56B-063E-4802-83D8-5DC4AC770215} = {37044EE3-4091-48A0-B61C-D38D1C20B87D}
		{BFD2271D-7D6D-4E48-8147-83971450CF44} = {F2DEE5D3-2ABD-44E6-9DFB-B5F834A3AC48}
		{C9F04EAE-2D81-4729-A9E8-B1EA36C48410} = {BFD2271D-7D6D-4E48-8147-83971450CF44}
		{1F9B1922-331B-4208-9A83-20CE73DFE2CF} = {1E6C2E0D-AF16-4AD7-A074-3004BFEAB864}
		{81B6D0F1-E4FC-4C9F-9F9A-DC8652D9437A} = {1F9B1922-331B-4208-9A83-20CE73DFE2CF}
		{C62D3C12-0436-4BA7-B0D0-27236D4C2EBA} = {1E6C2E0D-AF16-4AD7-A074-3004BFEAB864}
		{C18ABC57-3235-4F34-A785-B000D5FC1925} = {C62D3C12-0436-4BA7-B0D0-27236D4C2EBA}
	EndGlobalSection
EndGlobal
